
Microsoft Visual Studio Solution File, Format Version 12.00
# Visual Studio 15
VisualStudioVersion = 15.0.28307.168
MinimumVisualStudioVersion = 10.0.40219.1
Project("{FAE04EC0-301F-11D3-BF4B-00C04F79EFBC}") = "ASP_Core_Exam_Auth_Cookie", "ASP_Core_Exam_Auth_Cookie\ASP_Core_Exam_Auth_Cookie.csproj", "{EBFD3626-A66A-489A-878F-4D2B4A48A0D4}"
EndProject
Global
	GlobalSection(SolutionConfigurationPlatforms) = preSolution
		Debug|Any CPU = Debug|Any CPU
		Release|Any CPU = Release|Any CPU
	EndGlobalSection
	GlobalSection(ProjectConfigurationPlatforms) = postSolution
		{EBFD3626-A66A-489A-878F-4D2B4A48A0D4}.Debug|Any CPU.ActiveCfg = Debug|Any CPU
		{EBFD3626-A66A-489A-878F-4D2B4A48A0D4}.Debug|Any CPU.Build.0 = Debug|Any CPU
		{EBFD3626-A66A-489A-878F-4D2B4A48A0D4}.Release|Any CPU.ActiveCfg = Release|Any CPU
		{EBFD3626-A66A-489A-878F-4D2B4A48A0D4}.Release|Any CPU.Build.0 = Release|Any CPU
	EndGlobalSection
	GlobalSection(SolutionProperties) = preSolution
		HideSolutionNode = FALSE
	EndGlobalSection
	GlobalSection(ExtensibilityGlobals) = postSolution
		SolutionGuid = {FB6BEA06-C7C5-4B13-8DE5-36142C8737E9}
	EndGlobalSection
EndGlobal
